
Microsoft Visual Studio Solution File, Format Version 12.00
# Visual Studio Version 17
VisualStudioVersion = 17.0.31903.59
MinimumVisualStudioVersion = 10.0.40219.1
Project("{FAE04EC0-301F-11D3-BF4B-00C04F79EFBC}") = "WebApp", "WebApp\WebApp.csproj", "{5443557D-00BB-4061-B124-D8EDFD3E7FC1}"
EndProject
Project("{FAE04EC0-301F-11D3-BF4B-00C04F79EFBC}") = "WebApp.Entities", "WebApp.Entities\WebApp.Entities.csproj", "{76829FF1-F7C1-4B62-9481-152C0EBD4124}"
EndProject
Project("{FAE04EC0-301F-11D3-BF4B-00C04F79EFBC}") = "WebApp.Repositories", "WebApp.Repositories\WebApp.Repositories.csproj", "{54EC354A-BAA0-4B28-910D-05AC43C5B73C}"
EndProject
Project("{FAE04EC0-301F-11D3-BF4B-00C04F79EFBC}") = "WebApp.Service", "WebApp.Service\WebApp.Service.csproj", "{28809F2C-A2E0-44C0-B01B-9F7ECF05A3CE}"
EndProject
Global
	GlobalSection(SolutionConfigurationPlatforms) = preSolution
		Debug|Any CPU = Debug|Any CPU
		Release|Any CPU = Release|Any CPU
	EndGlobalSection
	GlobalSection(SolutionProperties) = preSolution
		HideSolutionNode = FALSE
	EndGlobalSection
	GlobalSection(ProjectConfigurationPlatforms) = postSolution
		{5443557D-00BB-4061-B124-D8EDFD3E7FC1}.Debug|Any CPU.ActiveCfg = Debug|Any CPU
		{5443557D-00BB-4061-B124-D8EDFD3E7FC1}.Debug|Any CPU.Build.0 = Debug|Any CPU
		{5443557D-00BB-4061-B124-D8EDFD3E7FC1}.Release|Any CPU.ActiveCfg = Release|Any CPU
		{5443557D-00BB-4061-B124-D8EDFD3E7FC1}.Release|Any CPU.Build.0 = Release|Any CPU
		{76829FF1-F7C1-4B62-9481-152C0EBD4124}.Debug|Any CPU.ActiveCfg = Debug|Any CPU
		{76829FF1-F7C1-4B62-9481-152C0EBD4124}.Debug|Any CPU.Build.0 = Debug|Any CPU
		{76829FF1-F7C1-4B62-9481-152C0EBD4124}.Release|Any CPU.ActiveCfg = Release|Any CPU
		{76829FF1-F7C1-4B62-9481-152C0EBD4124}.Release|Any CPU.Build.0 = Release|Any CPU
		{54EC354A-BAA0-4B28-910D-05AC43C5B73C}.Debug|Any CPU.ActiveCfg = Debug|Any CPU
		{54EC354A-BAA0-4B28-910D-05AC43C5B73C}.Debug|Any CPU.Build.0 = Debug|Any CPU
		{54EC354A-BAA0-4B28-910D-05AC43C5B73C}.Release|Any CPU.ActiveCfg = Release|Any CPU
		{54EC354A-BAA0-4B28-910D-05AC43C5B73C}.Release|Any CPU.Build.0 = Release|Any CPU
		{28809F2C-A2E0-44C0-B01B-9F7ECF05A3CE}.Debug|Any CPU.ActiveCfg = Debug|Any CPU
		{28809F2C-A2E0-44C0-B01B-9F7ECF05A3CE}.Debug|Any CPU.Build.0 = Debug|Any CPU
		{28809F2C-A2E0-44C0-B01B-9F7ECF05A3CE}.Release|Any CPU.ActiveCfg = Release|Any CPU
		{28809F2C-A2E0-44C0-B01B-9F7ECF05A3CE}.Release|Any CPU.Build.0 = Release|Any CPU
	EndGlobalSection
EndGlobal
